
Microsoft Visual Studio Solution File, Format Version 12.00
# Visual Studio Version 16
VisualStudioVersion = 16.0.29920.165
MinimumVisualStudioVersion = 10.0.40219.1
Project("{FAE04EC0-301F-11D3-BF4B-00C04F79EFBC}") = "서점앱구현", "서점앱구현\서점앱구현.csproj", "{C9322B68-974E-4EB5-8898-E8CC3FFE0B5E}"
EndProject
Global
	GlobalSection(SolutionConfigurationPlatforms) = preSolution
		Debug|Any CPU = Debug|Any CPU
		Release|Any CPU = Release|Any CPU
	EndGlobalSection
	GlobalSection(ProjectConfigurationPlatforms) = postSolution
		{C9322B68-974E-4EB5-8898-E8CC3FFE0B5E}.Debug|Any CPU.ActiveCfg = Debug|Any CPU
		{C9322B68-974E-4EB5-8898-E8CC3FFE0B5E}.Debug|Any CPU.Build.0 = Debug|Any CPU
		{C9322B68-974E-4EB5-8898-E8CC3FFE0B5E}.Release|Any CPU.ActiveCfg = Release|Any CPU
		{C9322B68-974E-4EB5-8898-E8CC3FFE0B5E}.Release|Any CPU.Build.0 = Release|Any CPU
	EndGlobalSection
	GlobalSection(SolutionProperties) = preSolution
		HideSolutionNode = FALSE
	EndGlobalSection
	GlobalSection(ExtensibilityGlobals) = postSolution
		SolutionGuid = {2415C74B-878C-47B7-9098-31F0EB714E0F}
	EndGlobalSection
EndGlobal
